Microsoft Visual Studio Solution File, Format Version 12.00
# Visual Studio Version 17
VisualStudioVersion = 17.5.2.0
MinimumVisualStudioVersion = 10.0.40219.1
Project("{2150E333-8FDC-42A3-9474-1A3956D46DE8}") = "c# console", "c# console", "{1AB78A04-E948-181B-040D-0DF24545EC34}"
EndProject
Project("{FAE04EC0-301F-11D3-BF4B-00C04F79EFBC}") = "MyApp", "c# console\MyApp\MyApp.csproj", "{D54D495E-FAEB-20F1-53E7-6A5F87BA2D4D}"
EndProject
Global
	GlobalSection(SolutionConfigurationPlatforms) = preSolution
		Debug|Any CPU = Debug|Any CPU
		Release|Any CPU = Release|Any CPU
	EndGlobalSection
	GlobalSection(ProjectConfigurationPlatforms) = postSolution
		{D54D495E-FAEB-20F1-53E7-6A5F87BA2D4D}.Debug|Any CPU.ActiveCfg = Debug|Any CPU
		{D54D495E-FAEB-20F1-53E7-6A5F87BA2D4D}.Debug|Any CPU.Build.0 = Debug|Any CPU
		{D54D495E-FAEB-20F1-53E7-6A5F87BA2D4D}.Release|Any CPU.ActiveCfg = Release|Any CPU
		{D54D495E-FAEB-20F1-53E7-6A5F87BA2D4D}.Release|Any CPU.Build.0 = Release|Any CPU
	EndGlobalSection
	GlobalSection(SolutionProperties) = preSolution
		HideSolutionNode = FALSE
	EndGlobalSection
	GlobalSection(NestedProjects) = preSolution
		{D54D495E-FAEB-20F1-53E7-6A5F87BA2D4D} = {1AB78A04-E948-181B-040D-0DF24545EC34}
	EndGlobalSection
	GlobalSection(ExtensibilityGlobals) = postSolution
		SolutionGuid = {E457276B-80D4-4B19-9E80-575C53F71A73}
	EndGlobalSection
EndGlobal
